
Microsoft Visual Studio Solution File, Format Version 12.00
# Visual Studio Version 16
VisualStudioVersion = 16.0.29519.87
MinimumVisualStudioVersion = 10.0.40219.1
Project("{9A19103F-16F7-4668-BE54-9A1E7A4F7556}") = "Canducci.GraphQLQuery", "Canducci.GraphQLQuery\Canducci.GraphQLQuery.csproj", "{DC5FAA31-C42C-49EF-BF29-27222433EE6B}"
EndProject
Project("{9A19103F-16F7-4668-BE54-9A1E7A4F7556}") = "ConsoleAppTest", "ConsoleAppTest\ConsoleAppTest.csproj", "{80215EDF-29C2-45B6-AE98-EF4B1118FBF1}"
EndProject
Project("{9A19103F-16F7-4668-BE54-9A1E7A4F7556}") = "Canducci.GraphQLQuery.MSTest", "Canducci.GraphQLQuery.MSTest\Canducci.GraphQLQuery.MSTest.csproj", "{76FF10C3-59F3-4B1C-89B4-050EED74CA8C}"
EndProject
Project("{9A19103F-16F7-4668-BE54-9A1E7A4F7556}") = "Models", "Models\Models.csproj", "{F7337A12-6BE1-4226-89E2-45B226B6EDB5}"
EndProject
Project("{2150E333-8FDC-42A3-9474-1A3956D46DE8}") = "Solution Items", "Solution Items", "{85DD6576-9E8C-45F4-B60C-21E08A9ECA0F}"
	ProjectSection(SolutionItems) = preProject
		README.md = README.md
	EndProjectSection
EndProject
Global
	GlobalSection(SolutionConfigurationPlatforms) = preSolution
		Debug|Any CPU = Debug|Any CPU
		Release|Any CPU = Release|Any CPU
	EndGlobalSection
	GlobalSection(ProjectConfigurationPlatforms) = postSolution
		{DC5FAA31-C42C-49EF-BF29-27222433EE6B}.Debug|Any CPU.ActiveCfg = Debug|Any CPU
		{DC5FAA31-C42C-49EF-BF29-27222433EE6B}.Debug|Any CPU.Build.0 = Debug|Any CPU
		{DC5FAA31-C42C-49EF-BF29-27222433EE6B}.Release|Any CPU.ActiveCfg = Release|Any CPU
		{DC5FAA31-C42C-49EF-BF29-27222433EE6B}.Release|Any CPU.Build.0 = Release|Any CPU
		{80215EDF-29C2-45B6-AE98-EF4B1118FBF1}.Debug|Any CPU.ActiveCfg = Debug|Any CPU
		{80215EDF-29C2-45B6-AE98-EF4B1118FBF1}.Debug|Any CPU.Build.0 = Debug|Any CPU
		{80215EDF-29C2-45B6-AE98-EF4B1118FBF1}.Release|Any CPU.ActiveCfg = Release|Any CPU
		{80215EDF-29C2-45B6-AE98-EF4B1118FBF1}.Release|Any CPU.Build.0 = Release|Any CPU
		{76FF10C3-59F3-4B1C-89B4-050EED74CA8C}.Debug|Any CPU.ActiveCfg = Debug|Any CPU
		{76FF10C3-59F3-4B1C-89B4-050EED74CA8C}.Debug|Any CPU.Build.0 = Debug|Any CPU
		{76FF10C3-59F3-4B1C-89B4-050EED74CA8C}.Release|Any CPU.ActiveCfg = Release|Any CPU
		{76FF10C3-59F3-4B1C-89B4-050EED74CA8C}.Release|Any CPU.Build.0 = Release|Any CPU
		{F7337A12-6BE1-4226-89E2-45B226B6EDB5}.Debug|Any CPU.ActiveCfg = Debug|Any CPU
		{F7337A12-6BE1-4226-89E2-45B226B6EDB5}.Debug|Any CPU.Build.0 = Debug|Any CPU
		{F7337A12-6BE1-4226-89E2-45B226B6EDB5}.Release|Any CPU.ActiveCfg = Release|Any CPU
		{F7337A12-6BE1-4226-89E2-45B226B6EDB5}.Release|Any CPU.Build.0 = Release|Any CPU
	EndGlobalSection
	GlobalSection(SolutionProperties) = preSolution
		HideSolutionNode = FALSE
	EndGlobalSection
	GlobalSection(ExtensibilityGlobals) = postSolution
		SolutionGuid = {93D62A34-2F81-4F13-A017-7C0DF704B850}
	EndGlobalSection
EndGlobal
